
Microsoft Visual Studio Solution File, Format Version 12.00
# Visual Studio Version 17
VisualStudioVersion = 17.10.34707.107
MinimumVisualStudioVersion = 10.0.40219.1
Project("{FAE04EC0-301F-11D3-BF4B-00C04F79EFBC}") = "BlazorNet8DapperMySqlAuth", "BlazorApp4\BlazorNet8DapperMySqlAuth\BlazorNet8DapperMySqlAuth.csproj", "{EB57B4E5-3601-4F54-84D0-52C80D90F06A}"
EndProject
Project("{FAE04EC0-301F-11D3-BF4B-00C04F79EFBC}") = "BlazorNet8DapperMySqlAuth.Client", "BlazorApp4\BlazorNet8DapperMySqlAuth.Client\BlazorNet8DapperMySqlAuth.Client.csproj", "{6029CB03-B3A2-4468-9B51-E471537D255D}"
EndProject
Global
	GlobalSection(SolutionConfigurationPlatforms) = preSolution
		Debug|Any CPU = Debug|Any CPU
		Release|Any CPU = Release|Any CPU
	EndGlobalSection
	GlobalSection(ProjectConfigurationPlatforms) = postSolution
		{EB57B4E5-3601-4F54-84D0-52C80D90F06A}.Debug|Any CPU.ActiveCfg = Debug|Any CPU
		{EB57B4E5-3601-4F54-84D0-52C80D90F06A}.Debug|Any CPU.Build.0 = Debug|Any CPU
		{EB57B4E5-3601-4F54-84D0-52C80D90F06A}.Release|Any CPU.ActiveCfg = Release|Any CPU
		{EB57B4E5-3601-4F54-84D0-52C80D90F06A}.Release|Any CPU.Build.0 = Release|Any CPU
		{6029CB03-B3A2-4468-9B51-E471537D255D}.Debug|Any CPU.ActiveCfg = Debug|Any CPU
		{6029CB03-B3A2-4468-9B51-E471537D255D}.Debug|Any CPU.Build.0 = Debug|Any CPU
		{6029CB03-B3A2-4468-9B51-E471537D255D}.Release|Any CPU.ActiveCfg = Release|Any CPU
		{6029CB03-B3A2-4468-9B51-E471537D255D}.Release|Any CPU.Build.0 = Release|Any CPU
	EndGlobalSection
	GlobalSection(SolutionProperties) = preSolution
		HideSolutionNode = FALSE
	EndGlobalSection
	GlobalSection(ExtensibilityGlobals) = postSolution
		SolutionGuid = {6D469F97-18E0-4B40-9A1E-89D108F45F66}
	EndGlobalSection
EndGlobal
